{
  "name": "project-tiny-context-harness-audit",
  "version": "0.1.0",
  "lockfileVersion": 3,
  "requires": true,
  "packages": {
    "": {
      "name": "project-tiny-context-harness-audit",
      "version": "0.1.0",
      "license": "MIT",
      "bin": {
        "ty-context-external-audit": "src/cli.mjs"
      },
      "engines": {
        "node": ">=24"
      }
    }
  }
}
